# This file is automatically @generated by Poetry 1.8.3 and should not be changed by hand.

[[package]]
name = "cloudfiles"
version = "0.1.0"
description = ""
optional = false
python-versions = "^3.12"
files = []
develop = false

[package.dependencies]
monitoringparser = {git = "https://github.com/ArtemKondratenko/MonitoringParser.git", branch = "master"}

[package.source]
type = "git"
url = "https://github.com/ArtemKondratenko/Cloudfiles.git"
reference = "master"
resolved_reference = "a583c25eac7bab57d05554022de08a76196b1b6e"

[[package]]
name = "daemonize"
version = "2.5.0"
description = "Library to enable your code run as a daemon process on Unix-like systems."
optional = false
python-versions = "*"
files = [
    {file = "daemonize-2.5.0-py2.py3-none-any.whl", hash = "sha256:9b6b91311a9d934ff3f5f766666635ca280d3de8e7137e4cd7d3f052543b989f"},
    {file = "daemonize-2.5.0.tar.gz", hash = "sha256:dd026e4ff8d22cb016ed2130bc738b7d4b1da597ef93c074d2adb9e4dea08bc3"},
]

[[package]]
name = "monitoringparser"
version = "0.1.0"
description = ""
optional = false
python-versions = "^3.12"
files = []
develop = false

[package.source]
type = "git"
url = "https://github.com/ArtemKondratenko/MonitoringParser.git"
reference = "master"
resolved_reference = "b984e2a653620cfab4ec00a71f2c8d052058d4ff"

[metadata]
lock-version = "2.0"
python-versions = "^3.12"
content-hash = "49fb21ec968e69ec955980e2f14d30017ed3ac52cad3e6e4ff10c8a108d05932"
